{
    "_meta": {
        "hash": {
            "sha256": "e4e82666bc750551d850fcb369adb929b2c330fa7b09b4c25f8268b156d8a39e"
        },
        "pipfile-spec": 6,
        "requires": {
            "python_version": "3.11"
        },
        "sources": [
            {
                "name": "pypi",
                "url": "https://pypi.org/simple",
                "verify_ssl": true
            },
            {
                "name": "abm_pypi",
                "url": "https://pypi2.abm-jsc.ru",
                "verify_ssl": true
            }
        ]
    },
    "default": {},
    "develop": {}
}
