{
    "_meta": {
        "hash": {
            "sha256": "4b299a3995bbd9eb9e14669d3f8b8b65bf225549ed1c7ab21620a13768348a4d"
        },
        "pipfile-spec": 6,
        "requires": {
            "python_version": "3.11"
        },
        "sources": [
            {
                "name": "pypi",
                "url": "https://pypi.org/simple",
                "verify_ssl": true
            },
            {
                "name": "abm_pypi",
                "url": "https://pypi2.abm-jsc.ru",
                "verify_ssl": true
            }
        ]
    },
    "default": {
        "async-tools-abm": {
            "hashes": [
                "sha256:b314fc51812fac47c091c264aaa0fbfcec99eef2582473c4c951bae3bed76c17",
                "sha256:c54cbbd941999dc659d4ab196dce1e85c4a8f671db610e2d5f63fbfe64d79afa"
            ],
            "index": "abm_pypi",
            "version": "==2.1.57881"
        },
        "init-helpers-abm": {
            "hashes": [
                "sha256:5dc132f3b26765a9d21a244c6210d2e7c852f32f0e134842ee28b5737cd93a11",
                "sha256:7e367776a726876e79631b0859628d16b1ea19ff2ede262581a22e2fc45db5f0"
            ],
            "index": "abm_pypi",
            "version": "==1.2.59931"
        }
    },
    "develop": {}
}
