# This file is automatically @generated by Poetry 1.8.2 and should not be changed by hand.

[[package]]
name = "async-tools-abm"
version = "2.1.57881"
description = "Tools to control async code execution"
optional = false
python-versions = ">=3.9,<4.0"
files = [
    {file = "async_tools_abm-2.1.57881-py3-none-any.whl", hash = "sha256:c54cbbd941999dc659d4ab196dce1e85c4a8f671db610e2d5f63fbfe64d79afa"},
    {file = "async_tools_abm-2.1.57881.tar.gz", hash = "sha256:b314fc51812fac47c091c264aaa0fbfcec99eef2582473c4c951bae3bed76c17"},
]

[package.source]
type = "legacy"
url = "https://pypi2.abm-jsc.ru"
reference = "abm_pypi"

[[package]]
name = "init-helpers-abm"
version = "1.2.59931"
description = "Tools to parse args, read config, init logs and etc"
optional = false
python-versions = ">=3.9,<4.0"
files = [
    {file = "init_helpers_abm-1.2.59931-py3-none-any.whl", hash = "sha256:5dc132f3b26765a9d21a244c6210d2e7c852f32f0e134842ee28b5737cd93a11"},
    {file = "init_helpers_abm-1.2.59931.tar.gz", hash = "sha256:7e367776a726876e79631b0859628d16b1ea19ff2ede262581a22e2fc45db5f0"},
]

[package.source]
type = "legacy"
url = "https://pypi2.abm-jsc.ru"
reference = "abm_pypi"

[metadata]
lock-version = "2.0"
python-versions = "^3.11"
content-hash = "9885f8f6c86a74d96a8098e9178161a6abef6f9b74116195ad8535b883c2a97d"
